
Microsoft Visual Studio Solution File, Format Version 12.00
# Visual Studio 2013
VisualStudioVersion = 12.0.31101.0
MinimumVisualStudioVersion = 10.0.40219.1
Project("{FAE04EC0-301F-11D3-BF4B-00C04F79EFBC}") = "xipconfig", "xipconfig\xipconfig.csproj", "{AD68A67C-7A68-4661-A4CD-9C64F3A89391}"
EndProject
Global
	GlobalSection(TeamFoundationVersionControl) = preSolution
		SccNumberOfProjects = 2
		SccEnterpriseProvider = {4CA58AB2-18FA-4F8D-95D4-32DDF27D184C}
		SccTeamFoundationServer = https://tfs.x-toolz.com/tfs/xtfs%20collection
		SccLocalPath0 = .
		SccProjectUniqueName1 = xipconfig\\xipconfig.csproj
		SccProjectName1 = xipconfig
		SccLocalPath1 = xipconfig
	EndGlobalSection
	GlobalSection(SolutionConfigurationPlatforms) = preSolution
		Debug|Any CPU = Debug|Any CPU
		Release|Any CPU = Release|Any CPU
	EndGlobalSection
	GlobalSection(ProjectConfigurationPlatforms) = postSolution
		{AD68A67C-7A68-4661-A4CD-9C64F3A89391}.Debug|Any CPU.ActiveCfg = Debug|Any CPU
		{AD68A67C-7A68-4661-A4CD-9C64F3A89391}.Debug|Any CPU.Build.0 = Debug|Any CPU
		{AD68A67C-7A68-4661-A4CD-9C64F3A89391}.Release|Any CPU.ActiveCfg = Release|Any CPU
		{AD68A67C-7A68-4661-A4CD-9C64F3A89391}.Release|Any CPU.Build.0 = Release|Any CPU
	EndGlobalSection
	GlobalSection(SolutionProperties) = preSolution
		HideSolutionNode = FALSE
	EndGlobalSection
EndGlobal
